
Microsoft Visual Studio Solution File, Format Version 12.00
# Visual Studio Version 17
VisualStudioVersion = 17.5.002.0
MinimumVisualStudioVersion = 10.0.40219.1
Project("{9A19103F-16F7-4668-BE54-9A1E7A4F7556}") = "apiV1.API", "apiV1.API.csproj", "{781AC9E5-32AA-4069-9931-966E61433D9E}"
EndProject
Global
	GlobalSection(SolutionConfigurationPlatforms) = preSolution
		Debug|Any CPU = Debug|Any CPU
		Release|Any CPU = Release|Any CPU
	EndGlobalSection
	GlobalSection(ProjectConfigurationPlatforms) = postSolution
		{781AC9E5-32AA-4069-9931-966E61433D9E}.Debug|Any CPU.ActiveCfg = Debug|Any CPU
		{781AC9E5-32AA-4069-9931-966E61433D9E}.Debug|Any CPU.Build.0 = Debug|Any CPU
		{781AC9E5-32AA-4069-9931-966E61433D9E}.Release|Any CPU.ActiveCfg = Release|Any CPU
		{781AC9E5-32AA-4069-9931-966E61433D9E}.Release|Any CPU.Build.0 = Release|Any CPU
	EndGlobalSection
	GlobalSection(SolutionProperties) = preSolution
		HideSolutionNode = FALSE
	EndGlobalSection
	GlobalSection(ExtensibilityGlobals) = postSolution
		SolutionGuid = {476EBA99-4804-4AD1-858B-390D3EB377AA}
	EndGlobalSection
EndGlobal
